<Solution>
  <Folder Name="/TrapLibrary.Demo/">
    <Project Path="TrapLibrary.Demo/Debugging.Traps.Demo.csproj" />
  </Folder>
  <Folder Name="/TrapLibrary.Tests/">
    <Project Path="TrapLibrary.Tests/Debugging.Traps.Tests.csproj" />
  </Folder>
  <Folder Name="/TrapLibrary/">
    <Project Path="TrapLibrary/Debugging.Traps.csproj" />
  </Folder>
  <Project Path="TrapLibrary.Benchmarks/TrapLibrary.Benchmarks.csproj" />
</Solution>
